{
  "name": "portfolio",
  "version": "1.0.0",
  "lockfileVersion": 3,
  "requires": true,
  "packages": {
    "": {
      "name": "portfolio",
      "version": "1.0.0",
      "license": "ISC",
      "dependencies": {
        "lodash": "^4.17.21"
      },
      "devDependencies": {}
    },
    "node_modules/.pnpm/lodash@4.17.21/node_modules/lodash": {
      "version": "4.17.21",
      "license": "MIT"
    },
    "node_modules/lodash": {
      "resolved": "node_modules/.pnpm/lodash@4.17.21/node_modules/lodash",
      "link": true
    }
  }
}
